// !$*UTF8*$!
{
	archiveVersion = 1;
	classes = {
	};
	objectVersion = 46;
	objects = {

/* Begin PBXBuildFile section */
		26864E09B14FCE5AA77A1EE7 /* libPods.a in Frameworks */ = {isa = PBXBuildFile; fileRef = 9F017AA51DCEEDA9789BFBF5 /* libPods.a */; };
		8B01A2B91B4BB0A300855A04 /* DataManager.m in Sources */ = {isa = PBXBuildFile; fileRef = 8B01A2B81B4BB0A300855A04 /* DataManager.m */; };
		8B01A2BC1B4BB0B700855A04 /* Outils.m in Sources */ = {isa = PBXBuildFile; fileRef = 8B01A2BB1B4BB0B700855A04 /* Outils.m */; };
		8B0948C11B4AD51600C611F5 /* main.m in Sources */ = {isa = PBXBuildFile; fileRef = 8B0948C01B4AD51600C611F5 /* main.m */; };
		8B0948C41B4AD51600C611F5 /* AppDelegate.m in Sources */ = {isa = PBXBuildFile; fileRef = 8B0948C31B4AD51600C611F5 /* AppDelegate.m */; };
		8B0948C71B4AD51600C611F5 /* KrocFrigo.xcdatamodeld in Sources */ = {isa = PBXBuildFile; fileRef = 8B0948C51B4AD51600C611F5 /* KrocFrigo.xcdatamodeld */; };
		8B0948CF1B4AD51600C611F5 /* Images.xcassets in Resources */ = {isa = PBXBuildFile; fileRef = 8B0948CE1B4AD51600C611F5 /* Images.xcassets */; };
		8B0948D21B4AD51600C611F5 /* LaunchScreen.xib in Resources */ = {isa = PBXBuildFile; fileRef = 8B0948D01B4AD51600C611F5 /* LaunchScreen.xib */; };
		8B0948DE1B4AD51600C611F5 /* KrocFrigoTests.m in Sources */ = {isa = PBXBuildFile; fileRef = 8B0948DD1B4AD51600C611F5 /* KrocFrigoTests.m */; };
		8B09492A1B4AE93300C611F5 /* libsqlite3.dylib in Frameworks */ = {isa = PBXBuildFile; fileRef = 8B0949291B4AE93300C611F5 /* libsqlite3.dylib */; };
		8B0A39CD1B5A5AB40082C6E4 /* SideBarTableViewController.m in Sources */ = {isa = PBXBuildFile; fileRef = 8B0A39CC1B5A5AB40082C6E4 /* SideBarTableViewController.m */; };
		8B0A39D11B5A71F00082C6E4 /* menu.png in Resources */ = {isa = PBXBuildFile; fileRef = 8B0A39CE1B5A71F00082C6E4 /* menu.png */; };
		8B0A39D21B5A71F00082C6E4 /* menu@2x.png in Resources */ = {isa = PBXBuildFile; fileRef = 8B0A39CF1B5A71F00082C6E4 /* menu@2x.png */; };
		8B0A39D31B5A71F00082C6E4 /* menu@3x.png in Resources */ = {isa = PBXBuildFile; fileRef = 8B0A39D01B5A71F00082C6E4 /* menu@3x.png */; };
		8B0A39D51B5A74D60082C6E4 /* gradient.png in Resources */ = {isa = PBXBuildFile; fileRef = 8B0A39D41B5A74D60082C6E4 /* gradient.png */; };
		8B0A39D71B5AB3E30082C6E4 /* splashscreen.png in Resources */ = {isa = PBXBuildFile; fileRef = 8B0A39D61B5AB3E30082C6E4 /* splashscreen.png */; };
		8B11EB501B515F960049168E /* angry_birds_cake.jpg in Resources */ = {isa = PBXBuildFile; fileRef = 8B11EB3F1B515F960049168E /* angry_birds_cake.jpg */; };
		8B11EB511B515F960049168E /* creme_brelee.jpg in Resources */ = {isa = PBXBuildFile; fileRef = 8B11EB401B515F960049168E /* creme_brelee.jpg */; };
		8B11EB521B515F960049168E /* egg_benedict.jpg in Resources */ = {isa = PBXBuildFile; fileRef = 8B11EB411B515F960049168E /* egg_benedict.jpg */; };
		8B11EB531B515F960049168E /* full_breakfast.jpg in Resources */ = {isa = PBXBuildFile; fileRef = 8B11EB421B515F960049168E /* full_breakfast.jpg */; };
		8B11EB541B515F960049168E /* green_tea.jpg in Resources */ = {isa = PBXBuildFile; fileRef = 8B11EB431B515F960049168E /* green_tea.jpg */; };
		8B11EB551B515F960049168E /* ham_and_cheese_panini.jpg in Resources */ = {isa = PBXBuildFile; fileRef = 8B11EB441B515F960049168E /* ham_and_cheese_panini.jpg */; };
		8B11EB561B515F960049168E /* ham_and_egg_sandwich.jpg in Resources */ = {isa = PBXBuildFile; fileRef = 8B11EB451B515F960049168E /* ham_and_egg_sandwich.jpg */; };
		8B11EB571B515F960049168E /* hamburger.jpg in Resources */ = {isa = PBXBuildFile; fileRef = 8B11EB461B515F960049168E /* hamburger.jpg */; };
		8B11EB581B515F960049168E /* instant_noodle_with_egg.jpg in Resources */ = {isa = PBXBuildFile; fileRef = 8B11EB471B515F960049168E /* instant_noodle_with_egg.jpg */; };
		8B11EB591B515F960049168E /* japanese_noodle_with_pork.jpg in Resources */ = {isa = PBXBuildFile; fileRef = 8B11EB481B515F960049168E /* japanese_noodle_with_pork.jpg */; };
		8B11EB5A1B515F960049168E /* mushroom_risotto.jpg in Resources */ = {isa = PBXBuildFile; fileRef = 8B11EB491B515F960049168E /* mushroom_risotto.jpg */; };
		8B11EB5B1B515F960049168E /* noodle_with_bbq_pork.jpg in Resources */ = {isa = PBXBuildFile; fileRef = 8B11EB4A1B515F960049168E /* noodle_with_bbq_pork.jpg */; };
		8B11EB5C1B515F960049168E /* photo-frame.png in Resources */ = {isa = PBXBuildFile; fileRef = 8B11EB4B1B515F960049168E /* photo-frame.png */; };
		8B11EB5D1B515F960049168E /* starbucks_coffee.jpg in Resources */ = {isa = PBXBuildFile; fileRef = 8B11EB4C1B515F960049168E /* starbucks_coffee.jpg */; };
		8B11EB5E1B515F960049168E /* thai_shrimp_cake.jpg in Resources */ = {isa = PBXBuildFile; fileRef = 8B11EB4D1B515F960049168E /* thai_shrimp_cake.jpg */; };
		8B11EB5F1B515F960049168E /* vegetable_curry.jpg in Resources */ = {isa = PBXBuildFile; fileRef = 8B11EB4E1B515F960049168E /* vegetable_curry.jpg */; };
		8B11EB601B515F960049168E /* white_chocolate_donut.jpg in Resources */ = {isa = PBXBuildFile; fileRef = 8B11EB4F1B515F960049168E /* white_chocolate_donut.jpg */; };
		8B11EB631B51780C0049168E /* ReciepesDetailsViewController.m in Sources */ = {isa = PBXBuildFile; fileRef = 8B11EB621B51780C0049168E /* ReciepesDetailsViewController.m */; };
		8B11EB661B5178DC0049168E /* Recipes.m in Sources */ = {isa = PBXBuildFile; fileRef = 8B11EB651B5178DC0049168E /* Recipes.m */; };
		8B1870BC1B84A0AA00E3159C /* ListeIngredientRecetteTableViewCell.m in Sources */ = {isa = PBXBuildFile; fileRef = 8B1870BB1B84A0A900E3159C /* ListeIngredientRecetteTableViewCell.m */; };
		8B2038A91B7F909D00899D9B /* R_1.jpg in Resources */ = {isa = PBXBuildFile; fileRef = 8B2038941B7F909C00899D9B /* R_1.jpg */; };
		8B2038AA1B7F909D00899D9B /* R_10.jpg in Resources */ = {isa = PBXBuildFile; fileRef = 8B2038951B7F909C00899D9B /* R_10.jpg */; };
		8B2038AB1B7F909D00899D9B /* R_11.jpg in Resources */ = {isa = PBXBuildFile; fileRef = 8B2038961B7F909C00899D9B /* R_11.jpg */; };
		8B2038AC1B7F909D00899D9B /* R_12.jpg in Resources */ = {isa = PBXBuildFile; fileRef = 8B2038971B7F909C00899D9B /* R_12.jpg */; };
		8B2038AD1B7F909D00899D9B /* R_13.jpg in Resources */ = {isa = PBXBuildFile; fileRef = 8B2038981B7F909C00899D9B /* R_13.jpg */; };
		8B2038AE1B7F909D00899D9B /* R_14.jpg in Resources */ = {isa = PBXBuildFile; fileRef = 8B2038991B7F909C00899D9B /* R_14.jpg */; };
		8B2038AF1B7F909D00899D9B /* R_15.jpg in Resources */ = {isa = PBXBuildFile; fileRef = 8B20389A1B7F909C00899D9B /* R_15.jpg */; };
		8B2038B01B7F909D00899D9B /* R_16.jpg in Resources */ = {isa = PBXBuildFile; fileRef = 8B20389B1B7F909C00899D9B /* R_16.jpg */; };
		8B2038B11B7F909D00899D9B /* R_17.jpg in Resources */ = {isa = PBXBuildFile; fileRef = 8B20389C1B7F909C00899D9B /* R_17.jpg */; };
		8B2038B21B7F909D00899D9B /* R_18.jpg in Resources */ = {isa = PBXBuildFile; fileRef = 8B20389D1B7F909C00899D9B /* R_18.jpg */; };
		8B2038B31B7F909D00899D9B /* R_19.jpg in Resources */ = {isa = PBXBuildFile; fileRef = 8B20389E1B7F909C00899D9B /* R_19.jpg */; };
		8B2038B41B7F909D00899D9B /* R_2.jpg in Resources */ = {isa = PBXBuildFile; fileRef = 8B20389F1B7F909C00899D9B /* R_2.jpg */; };
		8B2038B51B7F909D00899D9B /* R_20.jpg in Resources */ = {isa = PBXBuildFile; fileRef = 8B2038A01B7F909C00899D9B /* R_20.jpg */; };
		8B2038B61B7F909D00899D9B /* R_21.jpg in Resources */ = {isa = PBXBuildFile; fileRef = 8B2038A11B7F909C00899D9B /* R_21.jpg */; };
		8B2038B71B7F909D00899D9B /* R_3.jpg in Resources */ = {isa = PBXBuildFile; fileRef = 8B2038A21B7F909C00899D9B /* R_3.jpg */; };
		8B2038B81B7F909D00899D9B /* R_4.jpg in Resources */ = {isa = PBXBuildFile; fileRef = 8B2038A31B7F909C00899D9B /* R_4.jpg */; };
		8B2038B91B7F909D00899D9B /* R_5.jpg in Resources */ = {isa = PBXBuildFile; fileRef = 8B2038A41B7F909D00899D9B /* R_5.jpg */; };
		8B2038BA1B7F909D00899D9B /* R_6.jpg in Resources */ = {isa = PBXBuildFile; fileRef = 8B2038A51B7F909D00899D9B /* R_6.jpg */; };
		8B2038BB1B7F909D00899D9B /* R_7.jpg in Resources */ = {isa = PBXBuildFile; fileRef = 8B2038A61B7F909D00899D9B /* R_7.jpg */; };
		8B2038BC1B7F909D00899D9B /* R_8.jpg in Resources */ = {isa = PBXBuildFile; fileRef = 8B2038A71B7F909D00899D9B /* R_8.jpg */; };
		8B2038BD1B7F909D00899D9B /* R_9.jpg in Resources */ = {isa = PBXBuildFile; fileRef = 8B2038A81B7F909D00899D9B /* R_9.jpg */; };
		8B23913C1B526D2F007339ED /* Ingredients.m in Sources */ = {isa = PBXBuildFile; fileRef = 8B23913B1B526D2F007339ED /* Ingredients.m */; };
		8B23913E1B53BEB0007339ED /* wood-floorboards-texture.jpg in Resources */ = {isa = PBXBuildFile; fileRef = 8B23913D1B53BEB0007339ED /* wood-floorboards-texture.jpg */; };
		8B25780E1B5E28EC002F31E1 /* MonGardeMangerTableViewController.m in Sources */ = {isa = PBXBuildFile; fileRef = 8B25780D1B5E28EC002F31E1 /* MonGardeMangerTableViewController.m */; };
		8B2B08151B5FD36700CE1704 /* catTableViewCell.m in Sources */ = {isa = PBXBuildFile; fileRef = 8B2B08141B5FD36700CE1704 /* catTableViewCell.m */; };
		8B2B08201B5FE25300CE1704 /* viennoiseries.jpg in Resources */ = {isa = PBXBuildFile; fileRef = 8B2B08171B5FE25300CE1704 /* viennoiseries.jpg */; };
		8B2B08211B5FE25300CE1704 /* pâtisserie.jpg in Resources */ = {isa = PBXBuildFile; fileRef = 8B2B08181B5FE25300CE1704 /* pâtisserie.jpg */; };
		8B2B08221B5FE25300CE1704 /* epices.jpg in Resources */ = {isa = PBXBuildFile; fileRef = 8B2B08191B5FE25300CE1704 /* epices.jpg */; };
		8B2B08231B5FE25300CE1704 /* fruits.jpg in Resources */ = {isa = PBXBuildFile; fileRef = 8B2B081A1B5FE25300CE1704 /* fruits.jpg */; };
		8B2B08241B5FE25300CE1704 /* laitages.jpg in Resources */ = {isa = PBXBuildFile; fileRef = 8B2B081B1B5FE25300CE1704 /* laitages.jpg */; };
		8B2B08251B5FE25300CE1704 /* feculents.jpg in Resources */ = {isa = PBXBuildFile; fileRef = 8B2B081C1B5FE25300CE1704 /* feculents.jpg */; };
		8B2B08261B5FE25300CE1704 /* légumes.jpg in Resources */ = {isa = PBXBuildFile; fileRef = 8B2B081D1B5FE25300CE1704 /* légumes.jpg */; };
		8B2B08271B5FE25300CE1704 /* produits_de_la_mer.jpg in Resources */ = {isa = PBXBuildFile; fileRef = 8B2B081E1B5FE25300CE1704 /* produits_de_la_mer.jpg */; };
		8B2B08281B5FE25300CE1704 /* viande.jpg in Resources */ = {isa = PBXBuildFile; fileRef = 8B2B081F1B5FE25300CE1704 /* viande.jpg */; };
		8B2B36EC1B80E8BD0085B071 /* Main.storyboard in Resources */ = {isa = PBXBuildFile; fileRef = 8B2B36EB1B80E8BD0085B071 /* Main.storyboard */; };
		8B2B36EE1B8102C10085B071 /* HO.png in Resources */ = {isa = PBXBuildFile; fileRef = 8B2B36ED1B8102C10085B071 /* HO.png */; };
		8B2B36F11B8105510085B071 /* D.png in Resources */ = {isa = PBXBuildFile; fileRef = 8B2B36EF1B8105510085B071 /* D.png */; };
		8B2B36F21B8105510085B071 /* PP.png in Resources */ = {isa = PBXBuildFile; fileRef = 8B2B36F01B8105510085B071 /* PP.png */; };
		8B3AA60C1B7FB0BA00E34874 /* AccueilCollectionViewCell.m in Sources */ = {isa = PBXBuildFile; fileRef = 8B3AA60B1B7FB0BA00E34874 /* AccueilCollectionViewCell.m */; };
		8B4CAAD41B5906AD003FDFC4 /* CreditsViewController.m in Sources */ = {isa = PBXBuildFile; fileRef = 8B4CAAD31B5906AD003FDFC4 /* CreditsViewController.m */; };
		8B744B141B7335AE00A8E725 /* kroc_db.sqlite in Resources */ = {isa = PBXBuildFile; fileRef = 8B744B131B7335AE00A8E725 /* kroc_db.sqlite */; };
		8BA80E241B6CDC54006857A8 /* AlimChoserViewController.m in Sources */ = {isa = PBXBuildFile; fileRef = 8BA80E231B6CDC54006857A8 /* AlimChoserViewController.m */; };
		8BB796541B88F27800734EB4 /* nonValider.jpg in Resources */ = {isa = PBXBuildFile; fileRef = 8BB796521B88F27800734EB4 /* nonValider.jpg */; };
		8BB796551B88F27800734EB4 /* valider.jpg in Resources */ = {isa = PBXBuildFile; fileRef = 8BB796531B88F27800734EB4 /* valider.jpg */; };
		8BB796571B890B5400734EB4 /* B.png in Resources */ = {isa = PBXBuildFile; fileRef = 8BB796561B890B5400734EB4 /* B.png */; };
		8BC67A791B51144800CF5D73 /* FacebookSDK.framework in Frameworks */ = {isa = PBXBuildFile; fileRef = 8BC67A781B51144800CF5D73 /* FacebookSDK.framework */; };
		8BCFA2CA1B4CF5CB0069BEAD /* AccueilCollectionViewController.m in Sources */ = {isa = PBXBuildFile; fileRef = 8BCFA2C91B4CF5CB0069BEAD /* AccueilCollectionViewController.m */; };
		8BE13F8F1B612735009B6CFC /* AlimCollectionViewCell.m in Sources */ = {isa = PBXBuildFile; fileRef = 8BE13F8E1B612735009B6CFC /* AlimCollectionViewCell.m */; };
		8BE13F921B617811009B6CFC /* foodCatTableViewController.m in Sources */ = {isa = PBXBuildFile; fileRef = 8BE13F911B617811009B6CFC /* foodCatTableViewController.m */; };
		8BE2744A1B5668DB00E76A86 /* SWRevealViewController.m in Sources */ = {isa = PBXBuildFile; fileRef = 8BE274491B5668DB00E76A86 /* SWRevealViewController.m */; };
/* End PBXBuildFile section */

/* Begin PBXContainerItemProxy section */
		8B0948D81B4AD51600C611F5 /* PBXContainerItemProxy */ = {
			isa = PBXContainerItemProxy;
			containerPortal = 8B0948B31B4AD51500C611F5 /* Project object */;
			proxyType = 1;
			remoteGlobalIDString = 8B0948BA1B4AD51500C611F5;
			remoteInfo = KrocFrigo;
		};
/* End PBXContainerItemProxy section */

/* Begin PBXFileReference section */
		19CB8DD916184B08317DEFB9 /* Pods.debug.xcconfig */ = {isa = PBXFileReference; includeInIndex = 1; lastKnownFileType = text.xcconfig; name = Pods.debug.xcconfig; path = "Pods/Target Support Files/Pods/Pods.debug.xcconfig"; sourceTree = "<group>"; };
		8B01A29F1B4BA29E00855A04 /* SynthesizeSingleton.h */ = {isa = PBXFileReference; fileEncoding = 4; lastKnownFileType = sourcecode.c.h; path = SynthesizeSingleton.h; sourceTree = "<group>"; };
		8B01A2B71B4BB0A300855A04 /* DataManager.h */ = {isa = PBXFileReference; fileEncoding = 4; lastKnownFileType = sourcecode.c.h; path = DataManager.h; sourceTree = "<group>"; };
		8B01A2B81B4BB0A300855A04 /* DataManager.m */ = {isa = PBXFileReference; fileEncoding = 4; lastKnownFileType = sourcecode.c.objc; path = DataManager.m; sourceTree = "<group>"; };
		8B01A2BA1B4BB0B700855A04 /* Outils.h */ = {isa = PBXFileReference; fileEncoding = 4; lastKnownFileType = sourcecode.c.h; path = Outils.h; sourceTree = "<group>"; };
		8B01A2BB1B4BB0B700855A04 /* Outils.m */ = {isa = PBXFileReference; fileEncoding = 4; lastKnownFileType = sourcecode.c.objc; path = Outils.m; sourceTree = "<group>"; };
		8B0948BB1B4AD51500C611F5 /* KrocFrigo.app */ = {isa = PBXFileReference; explicitFileType = wrapper.application; includeInIndex = 0; path = KrocFrigo.app; sourceTree = BUILT_PRODUCTS_DIR; };
		8B0948BF1B4AD51600C611F5 /* Info.plist */ = {isa = PBXFileReference; lastKnownFileType = text.plist.xml; path = Info.plist; sourceTree = "<group>"; };
		8B0948C01B4AD51600C611F5 /* main.m */ = {isa = PBXFileReference; lastKnownFileType = sourcecode.c.objc; path = main.m; sourceTree = "<group>"; };
		8B0948C21B4AD51600C611F5 /* AppDelegate.h */ = {isa = PBXFileReference; lastKnownFileType = sourcecode.c.h; path = AppDelegate.h; sourceTree = "<group>"; };
		8B0948C31B4AD51600C611F5 /* AppDelegate.m */ = {isa = PBXFileReference; lastKnownFileType = sourcecode.c.objc; path = AppDelegate.m; sourceTree = "<group>"; };
		8B0948C61B4AD51600C611F5 /* KrocFrigo.xcdatamodel */ = {isa = PBXFileReference; lastKnownFileType = wrapper.xcdatamodel; path = KrocFrigo.xcdatamodel; sourceTree = "<group>"; };
		8B0948CE1B4AD51600C611F5 /* Images.xcassets */ = {isa = PBXFileReference; lastKnownFileType = folder.assetcatalog; path = Images.xcassets; sourceTree = "<group>"; };
		8B0948D11B4AD51600C611F5 /* Base */ = {isa = PBXFileReference; lastKnownFileType = file.xib; name = Base; path = Base.lproj/LaunchScreen.xib; sourceTree = "<group>"; };
		8B0948D71B4AD51600C611F5 /* KrocFrigoTests.xctest */ = {isa = PBXFileReference; explicitFileType = wrapper.cfbundle; includeInIndex = 0; path = KrocFrigoTests.xctest; sourceTree = BUILT_PRODUCTS_DIR; };
		8B0948DC1B4AD51600C611F5 /* Info.plist */ = {isa = PBXFileReference; lastKnownFileType = text.plist.xml; path = Info.plist; sourceTree = "<group>"; };
		8B0948DD1B4AD51600C611F5 /* KrocFrigoTests.m */ = {isa = PBXFileReference; lastKnownFileType = sourcecode.c.objc; path = KrocFrigoTests.m; sourceTree = "<group>"; };
		8B0949291B4AE93300C611F5 /* libsqlite3.dylib */ = {isa = PBXFileReference; lastKnownFileType = "compiled.mach-o.dylib"; name = libsqlite3.dylib; path = usr/lib/libsqlite3.dylib; sourceTree = SDKROOT; };
		8B0A39CB1B5A5AB40082C6E4 /* SideBarTableViewController.h */ = {isa = PBXFileReference; fileEncoding = 4; lastKnownFileType = sourcecode.c.h; path = SideBarTableViewController.h; sourceTree = "<group>"; };
		8B0A39CC1B5A5AB40082C6E4 /* SideBarTableViewController.m */ = {isa = PBXFileReference; fileEncoding = 4; lastKnownFileType = sourcecode.c.objc; path = SideBarTableViewController.m; sourceTree = "<group>"; };
		8B0A39CE1B5A71F00082C6E4 /* menu.png */ = {isa = PBXFileReference; lastKnownFileType = image.png; path = menu.png; sourceTree = "<group>"; };
		8B0A39CF1B5A71F00082C6E4 /* menu@2x.png */ = {isa = PBXFileReference; lastKnownFileType = image.png; path = "menu@2x.png"; sourceTree = "<group>"; };
		8B0A39D01B5A71F00082C6E4 /* menu@3x.png */ = {isa = PBXFileReference; lastKnownFileType = image.png; path = "menu@3x.png"; sourceTree = "<group>"; };
		8B0A39D41B5A74D60082C6E4 /* gradient.png */ = {isa = PBXFileReference; lastKnownFileType = image.png; path = gradient.png; sourceTree = "<group>"; };
		8B0A39D61B5AB3E30082C6E4 /* splashscreen.png */ = {isa = PBXFileReference; lastKnownFileType = image.png; path = splashscreen.png; sourceTree = "<group>"; };
		8B11EB3F1B515F960049168E /* angry_birds_cake.jpg */ = {isa = PBXFileReference; lastKnownFileType = image.jpeg; path = angry_birds_cake.jpg; sourceTree = "<group>"; };
		8B11EB401B515F960049168E /* creme_brelee.jpg */ = {isa = PBXFileReference; lastKnownFileType = image.jpeg; path = creme_brelee.jpg; sourceTree = "<group>"; };
		8B11EB411B515F960049168E /* egg_benedict.jpg */ = {isa = PBXFileReference; lastKnownFileType = image.jpeg; path = egg_benedict.jpg; sourceTree = "<group>"; };
		8B11EB421B515F960049168E /* full_breakfast.jpg */ = {isa = PBXFileReference; lastKnownFileType = image.jpeg; path = full_breakfast.jpg; sourceTree = "<group>"; };
		8B11EB431B515F960049168E /* green_tea.jpg */ = {isa = PBXFileReference; lastKnownFileType = image.jpeg; path = green_tea.jpg; sourceTree = "<group>"; };
		8B11EB441B515F960049168E /* ham_and_cheese_panini.jpg */ = {isa = PBXFileReference; lastKnownFileType = image.jpeg; path = ham_and_cheese_panini.jpg; sourceTree = "<group>"; };
		8B11EB451B515F960049168E /* ham_and_egg_sandwich.jpg */ = {isa = PBXFileReference; lastKnownFileType = image.jpeg; path = ham_and_egg_sandwich.jpg; sourceTree = "<group>"; };
		8B11EB461B515F960049168E /* hamburger.jpg */ = {isa = PBXFileReference; lastKnownFileType = image.jpeg; path = hamburger.jpg; sourceTree = "<group>"; };
		8B11EB471B515F960049168E /* instant_noodle_with_egg.jpg */ = {isa = PBXFileReference; lastKnownFileType = image.jpeg; path = instant_noodle_with_egg.jpg; sourceTree = "<group>"; };
		8B11EB481B515F960049168E /* japanese_noodle_with_pork.jpg */ = {isa = PBXFileReference; lastKnownFileType = image.jpeg; path = japanese_noodle_with_pork.jpg; sourceTree = "<group>"; };
		8B11EB491B515F960049168E /* mushroom_risotto.jpg */ = {isa = PBXFileReference; lastKnownFileType = image.jpeg; path = mushroom_risotto.jpg; sourceTree = "<group>"; };
		8B11EB4A1B515F960049168E /* noodle_with_bbq_pork.jpg */ = {isa = PBXFileReference; lastKnownFileType = image.jpeg; path = noodle_with_bbq_pork.jpg; sourceTree = "<group>"; };
		8B11EB4B1B515F960049168E /* photo-frame.png */ = {isa = PBXFileReference; lastKnownFileType = image.png; path = "photo-frame.png"; sourceTree = "<group>"; };
		8B11EB4C1B515F960049168E /* starbucks_coffee.jpg */ = {isa = PBXFileReference; lastKnownFileType = image.jpeg; path = starbucks_coffee.jpg; sourceTree = "<group>"; };
		8B11EB4D1B515F960049168E /* thai_shrimp_cake.jpg */ = {isa = PBXFileReference; lastKnownFileType = image.jpeg; path = thai_shrimp_cake.jpg; sourceTree = "<group>"; };
		8B11EB4E1B515F960049168E /* vegetable_curry.jpg */ = {isa = PBXFileReference; lastKnownFileType = image.jpeg; path = vegetable_curry.jpg; sourceTree = "<group>"; };
		8B11EB4F1B515F960049168E /* white_chocolate_donut.jpg */ = {isa = PBXFileReference; lastKnownFileType = image.jpeg; path = white_chocolate_donut.jpg; sourceTree = "<group>"; };
		8B11EB611B51780C0049168E /* ReciepesDetailsViewController.h */ = {isa = PBXFileReference; fileEncoding = 4; lastKnownFileType = sourcecode.c.h; name = ReciepesDetailsViewController.h; path = Outils/ZvShare/ReciepesDetailsViewController.h; sourceTree = "<group>"; };
		8B11EB621B51780C0049168E /* ReciepesDetailsViewController.m */ = {isa = PBXFileReference; fileEncoding = 4; lastKnownFileType = sourcecode.c.objc; name = ReciepesDetailsViewController.m; path = Outils/ZvShare/ReciepesDetailsViewController.m; sourceTree = "<group>"; };
		8B11EB641B5178DC0049168E /* Recipes.h */ = {isa = PBXFileReference; fileEncoding = 4; lastKnownFileType = sourcecode.c.h; path = Recipes.h; sourceTree = "<group>"; };
		8B11EB651B5178DC0049168E /* Recipes.m */ = {isa = PBXFileReference; fileEncoding = 4; lastKnownFileType = sourcecode.c.objc; path = Recipes.m; sourceTree = "<group>"; };
		8B1870BA1B84A0A900E3159C /* ListeIngredientRecetteTableViewCell.h */ = {isa = PBXFileReference; fileEncoding = 4; lastKnownFileType = sourcecode.c.h; path = ListeIngredientRecetteTableViewCell.h; sourceTree = "<group>"; };
		8B1870BB1B84A0A900E3159C /* ListeIngredientRecetteTableViewCell.m */ = {isa = PBXFileReference; fileEncoding = 4; lastKnownFileType = sourcecode.c.objc; path = ListeIngredientRecetteTableViewCell.m; sourceTree = "<group>"; };
		8B2038941B7F909C00899D9B /* R_1.jpg */ = {isa = PBXFileReference; lastKnownFileType = image.jpeg; path = R_1.jpg; sourceTree = "<group>"; };
		8B2038951B7F909C00899D9B /* R_10.jpg */ = {isa = PBXFileReference; lastKnownFileType = image.jpeg; path = R_10.jpg; sourceTree = "<group>"; };
		8B2038961B7F909C00899D9B /* R_11.jpg */ = {isa = PBXFileReference; lastKnownFileType = image.jpeg; path = R_11.jpg; sourceTree = "<group>"; };
		8B2038971B7F909C00899D9B /* R_12.jpg */ = {isa = PBXFileReference; lastKnownFileType = image.jpeg; path = R_12.jpg; sourceTree = "<group>"; };
		8B2038981B7F909C00899D9B /* R_13.jpg */ = {isa = PBXFileReference; lastKnownFileType = image.jpeg; path = R_13.jpg; sourceTree = "<group>"; };
		8B2038991B7F909C00899D9B /* R_14.jpg */ = {isa = PBXFileReference; lastKnownFileType = image.jpeg; path = R_14.jpg; sourceTree = "<group>"; };
		8B20389A1B7F909C00899D9B /* R_15.jpg */ = {isa = PBXFileReference; lastKnownFileType = image.jpeg; path = R_15.jpg; sourceTree = "<group>"; };
		8B20389B1B7F909C00899D9B /* R_16.jpg */ = {isa = PBXFileReference; lastKnownFileType = image.jpeg; path = R_16.jpg; sourceTree = "<group>"; };
		8B20389C1B7F909C00899D9B /* R_17.jpg */ = {isa = PBXFileReference; lastKnownFileType = image.jpeg; path = R_17.jpg; sourceTree = "<group>"; };
		8B20389D1B7F909C00899D9B /* R_18.jpg */ = {isa = PBXFileReference; lastKnownFileType = image.jpeg; path = R_18.jpg; sourceTree = "<group>"; };
		8B20389E1B7F909C00899D9B /* R_19.jpg */ = {isa = PBXFileReference; lastKnownFileType = image.jpeg; path = R_19.jpg; sourceTree = "<group>"; };
		8B20389F1B7F909C00899D9B /* R_2.jpg */ = {isa = PBXFileReference; lastKnownFileType = image.jpeg; path = R_2.jpg; sourceTree = "<group>"; };
		8B2038A01B7F909C00899D9B /* R_20.jpg */ = {isa = PBXFileReference; lastKnownFileType = image.jpeg; path = R_20.jpg; sourceTree = "<group>"; };
		8B2038A11B7F909C00899D9B /* R_21.jpg */ = {isa = PBXFileReference; lastKnownFileType = image.jpeg; path = R_21.jpg; sourceTree = "<group>"; };
		8B2038A21B7F909C00899D9B /* R_3.jpg */ = {isa = PBXFileReference; lastKnownFileType = image.jpeg; path = R_3.jpg; sourceTree = "<group>"; };
		8B2038A31B7F909C00899D9B /* R_4.jpg */ = {isa = PBXFileReference; lastKnownFileType = image.jpeg; path = R_4.jpg; sourceTree = "<group>"; };
		8B2038A41B7F909D00899D9B /* R_5.jpg */ = {isa = PBXFileReference; lastKnownFileType = image.jpeg; path = R_5.jpg; sourceTree = "<group>"; };
		8B2038A51B7F909D00899D9B /* R_6.jpg */ = {isa = PBXFileReference; lastKnownFileType = image.jpeg; path = R_6.jpg; sourceTree = "<group>"; };
		8B2038A61B7F909D00899D9B /* R_7.jpg */ = {isa = PBXFileReference; lastKnownFileType = image.jpeg; path = R_7.jpg; sourceTree = "<group>"; };
		8B2038A71B7F909D00899D9B /* R_8.jpg */ = {isa = PBXFileReference; lastKnownFileType = image.jpeg; path = R_8.jpg; sourceTree = "<group>"; };
		8B2038A81B7F909D00899D9B /* R_9.jpg */ = {isa = PBXFileReference; lastKnownFileType = image.jpeg; path = R_9.jpg; sourceTree = "<group>"; };
		8B23913A1B526D2F007339ED /* Ingredients.h */ = {isa = PBXFileReference; fileEncoding = 4; lastKnownFileType = sourcecode.c.h; path = Ingredients.h; sourceTree = "<group>"; };
		8B23913B1B526D2F007339ED /* Ingredients.m */ = {isa = PBXFileReference; fileEncoding = 4; lastKnownFileType = sourcecode.c.objc; path = Ingredients.m; sourceTree = "<group>"; };
		8B23913D1B53BEB0007339ED /* wood-floorboards-texture.jpg */ = {isa = PBXFileReference; lastKnownFileType = image.jpeg; path = "wood-floorboards-texture.jpg"; sourceTree = "<group>"; };
		8B25780C1B5E28EC002F31E1 /* MonGardeMangerTableViewController.h */ = {isa = PBXFileReference; fileEncoding = 4; lastKnownFileType = sourcecode.c.h; path = MonGardeMangerTableViewController.h; sourceTree = "<group>"; };
		8B25780D1B5E28EC002F31E1 /* MonGardeMangerTableViewController.m */ = {isa = PBXFileReference; fileEncoding = 4; lastKnownFileType = sourcecode.c.objc; path = MonGardeMangerTableViewController.m; sourceTree = "<group>"; };
		8B2B08131B5FD36700CE1704 /* catTableViewCell.h */ = {isa = PBXFileReference; fileEncoding = 4; lastKnownFileType = sourcecode.c.h; name = catTableViewCell.h; path = Ressources/catTableViewCell.h; sourceTree = "<group>"; };
		8B2B08141B5FD36700CE1704 /* catTableViewCell.m */ = {isa = PBXFileReference; fileEncoding = 4; lastKnownFileType = sourcecode.c.objc; name = catTableViewCell.m; path = Ressources/catTableViewCell.m; sourceTree = "<group>"; };
		8B2B08171B5FE25300CE1704 /* viennoiseries.jpg */ = {isa = PBXFileReference; lastKnownFileType = image.jpeg; path = viennoiseries.jpg; sourceTree = "<group>"; };
		8B2B08181B5FE25300CE1704 /* pâtisserie.jpg */ = {isa = PBXFileReference; lastKnownFileType = image.jpeg; path = "pâtisserie.jpg"; sourceTree = "<group>"; };
		8B2B08191B5FE25300CE1704 /* epices.jpg */ = {isa = PBXFileReference; lastKnownFileType = image.jpeg; path = epices.jpg; sourceTree = "<group>"; };
		8B2B081A1B5FE25300CE1704 /* fruits.jpg */ = {isa = PBXFileReference; lastKnownFileType = image.jpeg; path = fruits.jpg; sourceTree = "<group>"; };
		8B2B081B1B5FE25300CE1704 /* laitages.jpg */ = {isa = PBXFileReference; lastKnownFileType = image.jpeg; path = laitages.jpg; sourceTree = "<group>"; };
		8B2B081C1B5FE25300CE1704 /* feculents.jpg */ = {isa = PBXFileReference; lastKnownFileType = image.jpeg; path = feculents.jpg; sourceTree = "<group>"; };
		8B2B081D1B5FE25300CE1704 /* légumes.jpg */ = {isa = PBXFileReference; lastKnownFileType = image.jpeg; path = "légumes.jpg"; sourceTree = "<group>"; };
		8B2B081E1B5FE25300CE1704 /* produits_de_la_mer.jpg */ = {isa = PBXFileReference; lastKnownFileType = image.jpeg; path = produits_de_la_mer.jpg; sourceTree = "<group>"; };
		8B2B081F1B5FE25300CE1704 /* viande.jpg */ = {isa = PBXFileReference; lastKnownFileType = image.jpeg; path = viande.jpg; sourceTree = "<group>"; };
		8B2B36EB1B80E8BD0085B071 /* Main.storyboard */ = {isa = PBXFileReference; fileEncoding = 4; lastKnownFileType = file.storyboard; path = Main.storyboard; sourceTree = "<group>"; };
		8B2B36ED1B8102C10085B071 /* HO.png */ = {isa = PBXFileReference; lastKnownFileType = image.png; path = HO.png; sourceTree = "<group>"; };
		8B2B36EF1B8105510085B071 /* D.png */ = {isa = PBXFileReference; lastKnownFileType = image.png; path = D.png; sourceTree = "<group>"; };
		8B2B36F01B8105510085B071 /* PP.png */ = {isa = PBXFileReference; lastKnownFileType = image.png; path = PP.png; sourceTree = "<group>"; };
		8B3AA60A1B7FB0BA00E34874 /* AccueilCollectionViewCell.h */ = {isa = PBXFileReference; fileEncoding = 4; lastKnownFileType = sourcecode.c.h; path = AccueilCollectionViewCell.h; sourceTree = "<group>"; };
		8B3AA60B1B7FB0BA00E34874 /* AccueilCollectionViewCell.m */ = {isa = PBXFileReference; fileEncoding = 4; lastKnownFileType = sourcecode.c.objc; path = AccueilCollectionViewCell.m; sourceTree = "<group>"; };
		8B4CAAD21B5906AD003FDFC4 /* CreditsViewController.h */ = {isa = PBXFileReference; fileEncoding = 4; lastKnownFileType = sourcecode.c.h; path = CreditsViewController.h; sourceTree = "<group>"; };
		8B4CAAD31B5906AD003FDFC4 /* CreditsViewController.m */ = {isa = PBXFileReference; fileEncoding = 4; lastKnownFileType = sourcecode.c.objc; path = CreditsViewController.m; sourceTree = "<group>"; };
		8B744B131B7335AE00A8E725 /* kroc_db.sqlite */ = {isa = PBXFileReference; lastKnownFileType = file; path = kroc_db.sqlite; sourceTree = "<group>"; };
		8BA80E221B6CDC54006857A8 /* AlimChoserViewController.h */ = {isa = PBXFileReference; fileEncoding = 4; lastKnownFileType = sourcecode.c.h; path = AlimChoserViewController.h; sourceTree = "<group>"; };
		8BA80E231B6CDC54006857A8 /* AlimChoserViewController.m */ = {isa = PBXFileReference; fileEncoding = 4; lastKnownFileType = sourcecode.c.objc; path = AlimChoserViewController.m; sourceTree = "<group>"; };
		8BB796521B88F27800734EB4 /* nonValider.jpg */ = {isa = PBXFileReference; lastKnownFileType = image.jpeg; path = nonValider.jpg; sourceTree = "<group>"; };
		8BB796531B88F27800734EB4 /* valider.jpg */ = {isa = PBXFileReference; lastKnownFileType = image.jpeg; path = valider.jpg; sourceTree = "<group>"; };
		8BB796561B890B5400734EB4 /* B.png */ = {isa = PBXFileReference; lastKnownFileType = image.png; path = B.png; sourceTree = "<group>"; };
		8BC67A781B51144800CF5D73 /* FacebookSDK.framework */ = {isa = PBXFileReference; lastKnownFileType = wrapper.framework; name = FacebookSDK.framework; path = ../../coursDL/FacebookSDK_3.7.1/FacebookSDK.framework; sourceTree = "<group>"; };
		8BCFA2C81B4CF5CB0069BEAD /* AccueilCollectionViewController.h */ = {isa = PBXFileReference; fileEncoding = 4; lastKnownFileType = sourcecode.c.h; name = AccueilCollectionViewController.h; path = Outils/AccueilCollectionViewController.h; sourceTree = "<group>"; };
		8BCFA2C91B4CF5CB0069BEAD /* AccueilCollectionViewController.m */ = {isa = PBXFileReference; fileEncoding = 4; lastKnownFileType = sourcecode.c.objc; name = AccueilCollectionViewController.m; path = Outils/AccueilCollectionViewController.m; sourceTree = "<group>"; };
		8BE13F8D1B612735009B6CFC /* AlimCollectionViewCell.h */ = {isa = PBXFileReference; fileEncoding = 4; lastKnownFileType = sourcecode.c.h; path = AlimCollectionViewCell.h; sourceTree = "<group>"; };
		8BE13F8E1B612735009B6CFC /* AlimCollectionViewCell.m */ = {isa = PBXFileReference; fileEncoding = 4; lastKnownFileType = sourcecode.c.objc; path = AlimCollectionViewCell.m; sourceTree = "<group>"; };
		8BE13F901B617811009B6CFC /* foodCatTableViewController.h */ = {isa = PBXFileReference; fileEncoding = 4; lastKnownFileType = sourcecode.c.h; path = foodCatTableViewController.h; sourceTree = "<group>"; };
		8BE13F911B617811009B6CFC /* foodCatTableViewController.m */ = {isa = PBXFileReference; fileEncoding = 4; lastKnownFileType = sourcecode.c.objc; path = foodCatTableViewController.m; sourceTree = "<group>"; };
		8BE274481B5668DB00E76A86 /* SWRevealViewController.h */ = {isa = PBXFileReference; fileEncoding = 4; lastKnownFileType = sourcecode.c.h; path = SWRevealViewController.h; sourceTree = "<group>"; };
		8BE274491B5668DB00E76A86 /* SWRevealViewController.m */ = {isa = PBXFileReference; fileEncoding = 4; lastKnownFileType = sourcecode.c.objc; path = SWRevealViewController.m; sourceTree = "<group>"; };
		9F017AA51DCEEDA9789BFBF5 /* libPods.a */ = {isa = PBXFileReference; explicitFileType = archive.ar; includeInIndex = 0; path = libPods.a; sourceTree = BUILT_PRODUCTS_DIR; };
		AFC0CB84BFA8D724AEDE47E3 /* Pods.release.xcconfig */ = {isa = PBXFileReference; includeInIndex = 1; lastKnownFileType = text.xcconfig; name = Pods.release.xcconfig; path = "Pods/Target Support Files/Pods/Pods.release.xcconfig"; sourceTree = "<group>"; };
/* End PBXFileReference section */

/* Begin PBXFrameworksBuildPhase section */
		8B0948B81B4AD51500C611F5 /* Frameworks */ = {
			isa = PBXFrameworksBuildPhase;
			buildActionMask = 2147483647;
			files = (
				8B09492A1B4AE93300C611F5 /* libsqlite3.dylib in Frameworks */,
				8BC67A791B51144800CF5D73 /* FacebookSDK.framework in Frameworks */,
				26864E09B14FCE5AA77A1EE7 /* libPods.a in Frameworks */,
			);
			runOnlyForDeploymentPostprocessing = 0;
		};
		8B0948D41B4AD51600C611F5 /* Frameworks */ = {
			isa = PBXFrameworksBuildPhase;
			buildActionMask = 2147483647;
			files = (
			);
			runOnlyForDeploymentPostprocessing = 0;
		};
/* End PBXFrameworksBuildPhase section */

/* Begin PBXGroup section */
		1E9E5BEDC0BB4FE24C083076 /* Pods */ = {
			isa = PBXGroup;
			children = (
				19CB8DD916184B08317DEFB9 /* Pods.debug.xcconfig */,
				AFC0CB84BFA8D724AEDE47E3 /* Pods.release.xcconfig */,
			);
			name = Pods;
			sourceTree = "<group>";
		};
		8B01A29B1B4BA29E00855A04 /* Outils */ = {
			isa = PBXGroup;
			children = (
				8B01A2BA1B4BB0B700855A04 /* Outils.h */,
				8B01A2BB1B4BB0B700855A04 /* Outils.m */,
				8B01A29C1B4BA29E00855A04 /* Database */,
			);
			path = Outils;
			sourceTree = "<group>";
		};
		8B01A29C1B4BA29E00855A04 /* Database */ = {
			isa = PBXGroup;
			children = (
				8B01A2B71B4BB0A300855A04 /* DataManager.h */,
				8B01A2B81B4BB0A300855A04 /* DataManager.m */,
				8B01A29F1B4BA29E00855A04 /* SynthesizeSingleton.h */,
			);
			path = Database;
			sourceTree = "<group>";
		};
		8B0948B21B4AD51500C611F5 = {
			isa = PBXGroup;
			children = (
				8B0948EB1B4AD8D500C611F5 /* Ressources */,
				8B0948BD1B4AD51500C611F5 /* KrocFrigo */,
				8B0948DA1B4AD51600C611F5 /* KrocFrigoTests */,
				8B0948BC1B4AD51500C611F5 /* Products */,
				1E9E5BEDC0BB4FE24C083076 /* Pods */,
				C231E8BBCEE260F4312E3E2E /* Frameworks */,
			);
			sourceTree = "<group>";
		};
		8B0948BC1B4AD51500C611F5 /* Products */ = {
			isa = PBXGroup;
			children = (
				8B0948BB1B4AD51500C611F5 /* KrocFrigo.app */,
				8B0948D71B4AD51600C611F5 /* KrocFrigoTests.xctest */,
			);
			name = Products;
			sourceTree = "<group>";
		};
		8B0948BD1B4AD51500C611F5 /* KrocFrigo */ = {
			isa = PBXGroup;
			children = (
				8B2B08121B5FD32400CE1704 /* Views */,
				8B01A29B1B4BA29E00855A04 /* Outils */,
				8B2D391F1B551EDD0035F9E1 /* Controllers */,
				8B0948C21B4AD51600C611F5 /* AppDelegate.h */,
				8B0948C31B4AD51600C611F5 /* AppDelegate.m */,
				8B0948CE1B4AD51600C611F5 /* Images.xcassets */,
				8B0948D01B4AD51600C611F5 /* LaunchScreen.xib */,
				8B2B36EB1B80E8BD0085B071 /* Main.storyboard */,
				8B0948C51B4AD51600C611F5 /* KrocFrigo.xcdatamodeld */,
				8B0948BE1B4AD51500C611F5 /* Supporting Files */,
				8B0949541B4AEC2700C611F5 /* classes */,
			);
			path = KrocFrigo;
			sourceTree = "<group>";
		};
		8B0948BE1B4AD51500C611F5 /* Supporting Files */ = {
			isa = PBXGroup;
			children = (
				8B0948BF1B4AD51600C611F5 /* Info.plist */,
				8B0948C01B4AD51600C611F5 /* main.m */,
			);
			name = "Supporting Files";
			sourceTree = "<group>";
		};
		8B0948DA1B4AD51600C611F5 /* KrocFrigoTests */ = {
			isa = PBXGroup;
			children = (
				8B0948DD1B4AD51600C611F5 /* KrocFrigoTests.m */,
				8B0948DB1B4AD51600C611F5 /* Supporting Files */,
			);
			path = KrocFrigoTests;
			sourceTree = "<group>";
		};
		8B0948DB1B4AD51600C611F5 /* Supporting Files */ = {
			isa = PBXGroup;
			children = (
				8B0948DC1B4AD51600C611F5 /* Info.plist */,
			);
			name = "Supporting Files";
			sourceTree = "<group>";
		};
		8B0948EB1B4AD8D500C611F5 /* Ressources */ = {
			isa = PBXGroup;
			children = (
				8B744B101B73355500A8E725 /* db */,
				8B2B08161B5FE22400CE1704 /* imgCat */,
				8B0948EC1B4AD8D500C611F5 /* Image App */,
			);
			path = Ressources;
			sourceTree = "<group>";
		};
		8B0948EC1B4AD8D500C611F5 /* Image App */ = {
			isa = PBXGroup;
			children = (
				8BB796561B890B5400734EB4 /* B.png */,
				8BB796521B88F27800734EB4 /* nonValider.jpg */,
				8BB796531B88F27800734EB4 /* valider.jpg */,
				8B2B36EF1B8105510085B071 /* D.png */,
				8B2B36F01B8105510085B071 /* PP.png */,
				8B2B36ED1B8102C10085B071 /* HO.png */,
				8B2038931B7F909C00899D9B /* imagesRecettes */,
				8B23913D1B53BEB0007339ED /* wood-floorboards-texture.jpg */,
				8B11EB3D1B515F6B0049168E /* pic test */,
			);
			path = "Image App";
			sourceTree = "<group>";
		};
		8B0949541B4AEC2700C611F5 /* classes */ = {
			isa = PBXGroup;
			children = (
				8B11EB641B5178DC0049168E /* Recipes.h */,
				8B11EB651B5178DC0049168E /* Recipes.m */,
				8B23913A1B526D2F007339ED /* Ingredients.h */,
				8B23913B1B526D2F007339ED /* Ingredients.m */,
			);
			name = classes;
			sourceTree = "<group>";
		};
		8B11EB3D1B515F6B0049168E /* pic test */ = {
			isa = PBXGroup;
			children = (
				8B0A39CE1B5A71F00082C6E4 /* menu.png */,
				8B0A39D41B5A74D60082C6E4 /* gradient.png */,
				8B0A39CF1B5A71F00082C6E4 /* menu@2x.png */,
				8B0A39D61B5AB3E30082C6E4 /* splashscreen.png */,
				8B0A39D01B5A71F00082C6E4 /* menu@3x.png */,
				8B11EB3E1B515F960049168E /* RecipePhotoImagePack-2 */,
			);
			name = "pic test";
			sourceTree = "<group>";
		};
		8B11EB3E1B515F960049168E /* RecipePhotoImagePack-2 */ = {
			isa = PBXGroup;
			children = (
				8B11EB3F1B515F960049168E /* angry_birds_cake.jpg */,
				8B11EB401B515F960049168E /* creme_brelee.jpg */,
				8B11EB411B515F960049168E /* egg_benedict.jpg */,
				8B11EB421B515F960049168E /* full_breakfast.jpg */,
				8B11EB431B515F960049168E /* green_tea.jpg */,
				8B11EB441B515F960049168E /* ham_and_cheese_panini.jpg */,
				8B11EB451B515F960049168E /* ham_and_egg_sandwich.jpg */,
				8B11EB461B515F960049168E /* hamburger.jpg */,
				8B11EB471B515F960049168E /* instant_noodle_with_egg.jpg */,
				8B11EB481B515F960049168E /* japanese_noodle_with_pork.jpg */,
				8B11EB491B515F960049168E /* mushroom_risotto.jpg */,
				8B11EB4A1B515F960049168E /* noodle_with_bbq_pork.jpg */,
				8B11EB4B1B515F960049168E /* photo-frame.png */,
				8B11EB4C1B515F960049168E /* starbucks_coffee.jpg */,
				8B11EB4D1B515F960049168E /* thai_shrimp_cake.jpg */,
				8B11EB4E1B515F960049168E /* vegetable_curry.jpg */,
				8B11EB4F1B515F960049168E /* white_chocolate_donut.jpg */,
			);
			name = "RecipePhotoImagePack-2";
			path = "../../../../../Downloads/RecipePhotoImagePack-2";
			sourceTree = "<group>";
		};
		8B2038931B7F909C00899D9B /* imagesRecettes */ = {
			isa = PBXGroup;
			children = (
				8B2038941B7F909C00899D9B /* R_1.jpg */,
				8B2038951B7F909C00899D9B /* R_10.jpg */,
				8B2038961B7F909C00899D9B /* R_11.jpg */,
				8B2038971B7F909C00899D9B /* R_12.jpg */,
				8B2038981B7F909C00899D9B /* R_13.jpg */,
				8B2038991B7F909C00899D9B /* R_14.jpg */,
				8B20389A1B7F909C00899D9B /* R_15.jpg */,
				8B20389B1B7F909C00899D9B /* R_16.jpg */,
				8B20389C1B7F909C00899D9B /* R_17.jpg */,
				8B20389D1B7F909C00899D9B /* R_18.jpg */,
				8B20389E1B7F909C00899D9B /* R_19.jpg */,
				8B20389F1B7F909C00899D9B /* R_2.jpg */,
				8B2038A01B7F909C00899D9B /* R_20.jpg */,
				8B2038A11B7F909C00899D9B /* R_21.jpg */,
				8B2038A21B7F909C00899D9B /* R_3.jpg */,
				8B2038A31B7F909C00899D9B /* R_4.jpg */,
				8B2038A41B7F909D00899D9B /* R_5.jpg */,
				8B2038A51B7F909D00899D9B /* R_6.jpg */,
				8B2038A61B7F909D00899D9B /* R_7.jpg */,
				8B2038A71B7F909D00899D9B /* R_8.jpg */,
				8B2038A81B7F909D00899D9B /* R_9.jpg */,
			);
			name = imagesRecettes;
			path = Ressources/imagesRecettes;
			sourceTree = SOURCE_ROOT;
		};
		8B2B08121B5FD32400CE1704 /* Views */ = {
			isa = PBXGroup;
			children = (
				8B2B08131B5FD36700CE1704 /* catTableViewCell.h */,
				8B2B08141B5FD36700CE1704 /* catTableViewCell.m */,
				8BE13F8D1B612735009B6CFC /* AlimCollectionViewCell.h */,
				8BE13F8E1B612735009B6CFC /* AlimCollectionViewCell.m */,
				8B3AA60A1B7FB0BA00E34874 /* AccueilCollectionViewCell.h */,
				8B3AA60B1B7FB0BA00E34874 /* AccueilCollectionViewCell.m */,
				8B1870BA1B84A0A900E3159C /* ListeIngredientRecetteTableViewCell.h */,
				8B1870BB1B84A0A900E3159C /* ListeIngredientRecetteTableViewCell.m */,
			);
			name = Views;
			path = ..;
			sourceTree = "<group>";
		};
		8B2B08161B5FE22400CE1704 /* imgCat */ = {
			isa = PBXGroup;
			children = (
				8B2B08171B5FE25300CE1704 /* viennoiseries.jpg */,
				8B2B08181B5FE25300CE1704 /* pâtisserie.jpg */,
				8B2B08191B5FE25300CE1704 /* epices.jpg */,
				8B2B081A1B5FE25300CE1704 /* fruits.jpg */,
				8B2B081B1B5FE25300CE1704 /* laitages.jpg */,
				8B2B081C1B5FE25300CE1704 /* feculents.jpg */,
				8B2B081D1B5FE25300CE1704 /* légumes.jpg */,
				8B2B081E1B5FE25300CE1704 /* produits_de_la_mer.jpg */,
				8B2B081F1B5FE25300CE1704 /* viande.jpg */,
			);
			name = imgCat;
			sourceTree = "<group>";
		};
		8B2D391F1B551EDD0035F9E1 /* Controllers */ = {
			isa = PBXGroup;
			children = (
				8BE274481B5668DB00E76A86 /* SWRevealViewController.h */,
				8BE274491B5668DB00E76A86 /* SWRevealViewController.m */,
				8BCFA2C81B4CF5CB0069BEAD /* AccueilCollectionViewController.h */,
				8BCFA2C91B4CF5CB0069BEAD /* AccueilCollectionViewController.m */,
				8B11EB611B51780C0049168E /* ReciepesDetailsViewController.h */,
				8B11EB621B51780C0049168E /* ReciepesDetailsViewController.m */,
				8B4CAAD21B5906AD003FDFC4 /* CreditsViewController.h */,
				8B4CAAD31B5906AD003FDFC4 /* CreditsViewController.m */,
				8B0A39CB1B5A5AB40082C6E4 /* SideBarTableViewController.h */,
				8B0A39CC1B5A5AB40082C6E4 /* SideBarTableViewController.m */,
				8B25780C1B5E28EC002F31E1 /* MonGardeMangerTableViewController.h */,
				8B25780D1B5E28EC002F31E1 /* MonGardeMangerTableViewController.m */,
				8BE13F901B617811009B6CFC /* foodCatTableViewController.h */,
				8BE13F911B617811009B6CFC /* foodCatTableViewController.m */,
				8BA80E221B6CDC54006857A8 /* AlimChoserViewController.h */,
				8BA80E231B6CDC54006857A8 /* AlimChoserViewController.m */,
			);
			name = Controllers;
			sourceTree = "<group>";
		};
		8B744B101B73355500A8E725 /* db */ = {
			isa = PBXGroup;
			children = (
				8B744B131B7335AE00A8E725 /* kroc_db.sqlite */,
			);
			path = db;
			sourceTree = "<group>";
		};
		C231E8BBCEE260F4312E3E2E /* Frameworks */ = {
			isa = PBXGroup;
			children = (
				8BC67A781B51144800CF5D73 /* FacebookSDK.framework */,
				8B0949291B4AE93300C611F5 /* libsqlite3.dylib */,
				9F017AA51DCEEDA9789BFBF5 /* libPods.a */,
			);
			name = Frameworks;
			sourceTree = "<group>";
		};
/* End PBXGroup section */

/* Begin PBXNativeTarget section */
		8B0948BA1B4AD51500C611F5 /* KrocFrigo */ = {
			isa = PBXNativeTarget;
			buildConfigurationList = 8B0948E11B4AD51600C611F5 /* Build configuration list for PBXNativeTarget "KrocFrigo" */;
			buildPhases = (
				228B40EBF04E6FA415708353 /* Check Pods Manifest.lock */,
				8B0948B71B4AD51500C611F5 /* Sources */,
				8B0948B81B4AD51500C611F5 /* Frameworks */,
				8B0948B91B4AD51500C611F5 /* Resources */,
				19535AE99AC22B5209CE4D53 /* Copy Pods Resources */,
			);
			buildRules = (
			);
			dependencies = (
			);
			name = KrocFrigo;
			productName = KrocFrigo;
			productReference = 8B0948BB1B4AD51500C611F5 /* KrocFrigo.app */;
			productType = "com.apple.product-type.application";
		};
		8B0948D61B4AD51600C611F5 /* KrocFrigoTests */ = {
			isa = PBXNativeTarget;
			buildConfigurationList = 8B0948E41B4AD51600C611F5 /* Build configuration list for PBXNativeTarget "KrocFrigoTests" */;
			buildPhases = (
				8B0948D31B4AD51600C611F5 /* Sources */,
				8B0948D41B4AD51600C611F5 /* Frameworks */,
				8B0948D51B4AD51600C611F5 /* Resources */,
			);
			buildRules = (
			);
			dependencies = (
				8B0948D91B4AD51600C611F5 /* PBXTargetDependency */,
			);
			name = KrocFrigoTests;
			productName = KrocFrigoTests;
			productReference = 8B0948D71B4AD51600C611F5 /* KrocFrigoTests.xctest */;
			productType = "com.apple.product-type.bundle.unit-test";
		};
/* End PBXNativeTarget section */

/* Begin PBXProject section */
		8B0948B31B4AD51500C611F5 /* Project object */ = {
			isa = PBXProject;
			attributes = {
				LastUpgradeCheck = 0640;
				ORGANIZATIONNAME = "Andie Perrault";
				TargetAttributes = {
					8B0948BA1B4AD51500C611F5 = {
						CreatedOnToolsVersion = 6.4;
					};
					8B0948D61B4AD51600C611F5 = {
						CreatedOnToolsVersion = 6.4;
						TestTargetID = 8B0948BA1B4AD51500C611F5;
					};
				};
			};
			buildConfigurationList = 8B0948B61B4AD51500C611F5 /* Build configuration list for PBXProject "KrocFrigo" */;
			compatibilityVersion = "Xcode 3.2";
			developmentRegion = English;
			hasScannedForEncodings = 0;
			knownRegions = (
				en,
				Base,
			);
			mainGroup = 8B0948B21B4AD51500C611F5;
			productRefGroup = 8B0948BC1B4AD51500C611F5 /* Products */;
			projectDirPath = "";
			projectRoot = "";
			targets = (
				8B0948BA1B4AD51500C611F5 /* KrocFrigo */,
				8B0948D61B4AD51600C611F5 /* KrocFrigoTests */,
			);
		};
/* End PBXProject section */

/* Begin PBXResourcesBuildPhase section */
		8B0948B91B4AD51500C611F5 /* Resources */ = {
			isa = PBXResourcesBuildPhase;
			buildActionMask = 2147483647;
			files = (
				8B2B08281B5FE25300CE1704 /* viande.jpg in Resources */,
				8B2B36F11B8105510085B071 /* D.png in Resources */,
				8B11EB531B515F960049168E /* full_breakfast.jpg in Resources */,
				8B2038B11B7F909D00899D9B /* R_17.jpg in Resources */,
				8B2038AB1B7F909D00899D9B /* R_11.jpg in Resources */,
				8B11EB511B515F960049168E /* creme_brelee.jpg in Resources */,
				8B0A39D51B5A74D60082C6E4 /* gradient.png in Resources */,
				8B2B36EE1B8102C10085B071 /* HO.png in Resources */,
				8B11EB601B515F960049168E /* white_chocolate_donut.jpg in Resources */,
				8B2038AA1B7F909D00899D9B /* R_10.jpg in Resources */,
				8B2B08241B5FE25300CE1704 /* laitages.jpg in Resources */,
				8B2038B41B7F909D00899D9B /* R_2.jpg in Resources */,
				8B2038B91B7F909D00899D9B /* R_5.jpg in Resources */,
				8B2038B21B7F909D00899D9B /* R_18.jpg in Resources */,
				8B0948D21B4AD51600C611F5 /* LaunchScreen.xib in Resources */,
				8B11EB5E1B515F960049168E /* thai_shrimp_cake.jpg in Resources */,
				8B11EB5C1B515F960049168E /* photo-frame.png in Resources */,
				8B2038BA1B7F909D00899D9B /* R_6.jpg in Resources */,
				8B11EB581B515F960049168E /* instant_noodle_with_egg.jpg in Resources */,
				8B2038AD1B7F909D00899D9B /* R_13.jpg in Resources */,
				8B0A39D11B5A71F00082C6E4 /* menu.png in Resources */,
				8B11EB571B515F960049168E /* hamburger.jpg in Resources */,
				8B11EB5B1B515F960049168E /* noodle_with_bbq_pork.jpg in Resources */,
				8B2038B51B7F909D00899D9B /* R_20.jpg in Resources */,
				8B11EB5D1B515F960049168E /* starbucks_coffee.jpg in Resources */,
				8B2B36F21B8105510085B071 /* PP.png in Resources */,
				8B2038BB1B7F909D00899D9B /* R_7.jpg in Resources */,
				8B11EB5F1B515F960049168E /* vegetable_curry.jpg in Resources */,
				8B11EB501B515F960049168E /* angry_birds_cake.jpg in Resources */,
				8B2B08211B5FE25300CE1704 /* pâtisserie.jpg in Resources */,
				8B2B08201B5FE25300CE1704 /* viennoiseries.jpg in Resources */,
				8B23913E1B53BEB0007339ED /* wood-floorboards-texture.jpg in Resources */,
				8B2038B01B7F909D00899D9B /* R_16.jpg in Resources */,
				8B2038BC1B7F909D00899D9B /* R_8.jpg in Resources */,
				8B0948CF1B4AD51600C611F5 /* Images.xcassets in Resources */,
				8B11EB551B515F960049168E /* ham_and_cheese_panini.jpg in Resources */,
				8B2038B31B7F909D00899D9B /* R_19.jpg in Resources */,
				8B11EB541B515F960049168E /* green_tea.jpg in Resources */,
				8B11EB5A1B515F960049168E /* mushroom_risotto.jpg in Resources */,
				8B2B36EC1B80E8BD0085B071 /* Main.storyboard in Resources */,
				8B2B08261B5FE25300CE1704 /* légumes.jpg in Resources */,
				8B2038AC1B7F909D00899D9B /* R_12.jpg in Resources */,
				8B2038AE1B7F909D00899D9B /* R_14.jpg in Resources */,
				8B11EB521B515F960049168E /* egg_benedict.jpg in Resources */,
				8B744B141B7335AE00A8E725 /* kroc_db.sqlite in Resources */,
				8B11EB561B515F960049168E /* ham_and_egg_sandwich.jpg in Resources */,
				8B2038A91B7F909D00899D9B /* R_1.jpg in Resources */,
				8B2B08271B5FE25300CE1704 /* produits_de_la_mer.jpg in Resources */,
				8B0A39D71B5AB3E30082C6E4 /* splashscreen.png in Resources */,
				8B11EB591B515F960049168E /* japanese_noodle_with_pork.jpg in Resources */,
				8B2038B81B7F909D00899D9B /* R_4.jpg in Resources */,
				8BB796551B88F27800734EB4 /* valider.jpg in Resources */,
				8B2B08231B5FE25300CE1704 /* fruits.jpg in Resources */,
				8B0A39D31B5A71F00082C6E4 /* menu@3x.png in Resources */,
				8B2038B71B7F909D00899D9B /* R_3.jpg in Resources */,
				8B2B08221B5FE25300CE1704 /* epices.jpg in Resources */,
				8BB796541B88F27800734EB4 /* nonValider.jpg in Resources */,
				8BB796571B890B5400734EB4 /* B.png in Resources */,
				8B2038AF1B7F909D00899D9B /* R_15.jpg in Resources */,
				8B2038B61B7F909D00899D9B /* R_21.jpg in Resources */,
				8B2038BD1B7F909D00899D9B /* R_9.jpg in Resources */,
				8B0A39D21B5A71F00082C6E4 /* menu@2x.png in Resources */,
				8B2B08251B5FE25300CE1704 /* feculents.jpg in Resources */,
			);
			runOnlyForDeploymentPostprocessing = 0;
		};
		8B0948D51B4AD51600C611F5 /* Resources */ = {
			isa = PBXResourcesBuildPhase;
			buildActionMask = 2147483647;
			files = (
			);
			runOnlyForDeploymentPostprocessing = 0;
		};
/* End PBXResourcesBuildPhase section */

/* Begin PBXShellScriptBuildPhase section */
		19535AE99AC22B5209CE4D53 /* Copy Pods Resources */ = {
			isa = PBXShellScriptBuildPhase;
			buildActionMask = 2147483647;
			files = (
			);
			inputPaths = (
			);
			name = "Copy Pods Resources";
			outputPaths = (
			);
			runOnlyForDeploymentPostprocessing = 0;
			shellPath = /bin/sh;
			shellScript = "\"${SRCROOT}/Pods/Target Support Files/Pods/Pods-resources.sh\"\n";
			showEnvVarsInLog = 0;
		};
		228B40EBF04E6FA415708353 /* Check Pods Manifest.lock */ = {
			isa = PBXShellScriptBuildPhase;
			buildActionMask = 2147483647;
			files = (
			);
			inputPaths = (
			);
			name = "Check Pods Manifest.lock";
			outputPaths = (
			);
			runOnlyForDeploymentPostprocessing = 0;
			shellPath = /bin/sh;
			shellScript = "diff \"${PODS_ROOT}/../Podfile.lock\" \"${PODS_ROOT}/Manifest.lock\" > /dev/null\nif [[ $? != 0 ]] ; then\n    cat << EOM\nerror: The sandbox is not in sync with the Podfile.lock. Run 'pod install' or update your CocoaPods installation.\nEOM\n    exit 1\nfi\n";
			showEnvVarsInLog = 0;
		};
/* End PBXShellScriptBuildPhase section */

/* Begin PBXSourcesBuildPhase section */
		8B0948B71B4AD51500C611F5 /* Sources */ = {
			isa = PBXSourcesBuildPhase;
			buildActionMask = 2147483647;
			files = (
				8BE13F921B617811009B6CFC /* foodCatTableViewController.m in Sources */,
				8B25780E1B5E28EC002F31E1 /* MonGardeMangerTableViewController.m in Sources */,
				8B0948C41B4AD51600C611F5 /* AppDelegate.m in Sources */,
				8B0948C11B4AD51600C611F5 /* main.m in Sources */,
				8B4CAAD41B5906AD003FDFC4 /* CreditsViewController.m in Sources */,
				8B0948C71B4AD51600C611F5 /* KrocFrigo.xcdatamodeld in Sources */,
				8B0A39CD1B5A5AB40082C6E4 /* SideBarTableViewController.m in Sources */,
				8B23913C1B526D2F007339ED /* Ingredients.m in Sources */,
				8BA80E241B6CDC54006857A8 /* AlimChoserViewController.m in Sources */,
				8BE13F8F1B612735009B6CFC /* AlimCollectionViewCell.m in Sources */,
				8B01A2B91B4BB0A300855A04 /* DataManager.m in Sources */,
				8B01A2BC1B4BB0B700855A04 /* Outils.m in Sources */,
				8B1870BC1B84A0AA00E3159C /* ListeIngredientRecetteTableViewCell.m in Sources */,
				8BCFA2CA1B4CF5CB0069BEAD /* AccueilCollectionViewController.m in Sources */,
				8BE2744A1B5668DB00E76A86 /* SWRevealViewController.m in Sources */,
				8B2B08151B5FD36700CE1704 /* catTableViewCell.m in Sources */,
				8B3AA60C1B7FB0BA00E34874 /* AccueilCollectionViewCell.m in Sources */,
				8B11EB631B51780C0049168E /* ReciepesDetailsViewController.m in Sources */,
				8B11EB661B5178DC0049168E /* Recipes.m in Sources */,
			);
			runOnlyForDeploymentPostprocessing = 0;
		};
		8B0948D31B4AD51600C611F5 /* Sources */ = {
			isa = PBXSourcesBuildPhase;
			buildActionMask = 2147483647;
			files = (
				8B0948DE1B4AD51600C611F5 /* KrocFrigoTests.m in Sources */,
			);
			runOnlyForDeploymentPostprocessing = 0;
		};
/* End PBXSourcesBuildPhase section */

/* Begin PBXTargetDependency section */
		8B0948D91B4AD51600C611F5 /* PBXTargetDependency */ = {
			isa = PBXTargetDependency;
			target = 8B0948BA1B4AD51500C611F5 /* KrocFrigo */;
			targetProxy = 8B0948D81B4AD51600C611F5 /* PBXContainerItemProxy */;
		};
/* End PBXTargetDependency section */

/* Begin PBXVariantGroup section */
		8B0948D01B4AD51600C611F5 /* LaunchScreen.xib */ = {
			isa = PBXVariantGroup;
			children = (
				8B0948D11B4AD51600C611F5 /* Base */,
			);
			name = LaunchScreen.xib;
			sourceTree = "<group>";
		};
/* End PBXVariantGroup section */

/* Begin XCBuildConfiguration section */
		8B0948DF1B4AD51600C611F5 /* Debug */ = {
			isa = XCBuildConfiguration;
			buildSettings = {
				ALWAYS_SEARCH_USER_PATHS = NO;
				CLANG_CXX_LANGUAGE_STANDARD = "gnu++0x";
				CLANG_CXX_LIBRARY = "libc++";
				CLANG_ENABLE_MODULES = YES;
				CLANG_ENABLE_OBJC_ARC = YES;
				CLANG_WARN_BOOL_CONVERSION = YES;
				CLANG_WARN_CONSTANT_CONVERSION = YES;
				CLANG_WARN_DIRECT_OBJC_ISA_USAGE = YES_ERROR;
				CLANG_WARN_EMPTY_BODY = YES;
				CLANG_WARN_ENUM_CONVERSION = YES;
				CLANG_WARN_INT_CONVERSION = YES;
				CLANG_WARN_OBJC_ROOT_CLASS = YES_ERROR;
				CLANG_WARN_UNREACHABLE_CODE = YES;
				CLANG_WARN__DUPLICATE_METHOD_MATCH = YES;
				"CODE_SIGN_IDENTITY[sdk=iphoneos*]" = "iPhone Developer";
				COPY_PHASE_STRIP = NO;
				DEBUG_INFORMATION_FORMAT = "dwarf-with-dsym";
				ENABLE_STRICT_OBJC_MSGSEND = YES;
				GCC_C_LANGUAGE_STANDARD = gnu99;
				GCC_DYNAMIC_NO_PIC = NO;
				GCC_NO_COMMON_BLOCKS = YES;
				GCC_OPTIMIZATION_LEVEL = 0;
				GCC_PREPROCESSOR_DEFINITIONS = (
					"DEBUG=1",
					"$(inherited)",
				);
				GCC_SYMBOLS_PRIVATE_EXTERN = NO;
				GCC_WARN_64_TO_32_BIT_CONVERSION = YES;
				GCC_WARN_ABOUT_RETURN_TYPE = YES_ERROR;
				GCC_WARN_UNDECLARED_SELECTOR = YES;
				GCC_WARN_UNINITIALIZED_AUTOS = YES_AGGRESSIVE;
				GCC_WARN_UNUSED_FUNCTION = YES;
				GCC_WARN_UNUSED_VARIABLE = YES;
				IPHONEOS_DEPLOYMENT_TARGET = 8.4;
				MTL_ENABLE_DEBUG_INFO = YES;
				ONLY_ACTIVE_ARCH = YES;
				SDKROOT = iphoneos;
				TARGETED_DEVICE_FAMILY = "1,2";
			};
			name = Debug;
		};
		8B0948E01B4AD51600C611F5 /* Release */ = {
			isa = XCBuildConfiguration;
			buildSettings = {
				ALWAYS_SEARCH_USER_PATHS = NO;
				CLANG_CXX_LANGUAGE_STANDARD = "gnu++0x";
				CLANG_CXX_LIBRARY = "libc++";
				CLANG_ENABLE_MODULES = YES;
				CLANG_ENABLE_OBJC_ARC = YES;
				CLANG_WARN_BOOL_CONVERSION = YES;
				CLANG_WARN_CONSTANT_CONVERSION = YES;
				CLANG_WARN_DIRECT_OBJC_ISA_USAGE = YES_ERROR;
				CLANG_WARN_EMPTY_BODY = YES;
				CLANG_WARN_ENUM_CONVERSION = YES;
				CLANG_WARN_INT_CONVERSION = YES;
				CLANG_WARN_OBJC_ROOT_CLASS = YES_ERROR;
				CLANG_WARN_UNREACHABLE_CODE = YES;
				CLANG_WARN__DUPLICATE_METHOD_MATCH = YES;
				"CODE_SIGN_IDENTITY[sdk=iphoneos*]" = "iPhone Developer";
				COPY_PHASE_STRIP = NO;
				DEBUG_INFORMATION_FORMAT = "dwarf-with-dsym";
				ENABLE_NS_ASSERTIONS = NO;
				ENABLE_STRICT_OBJC_MSGSEND = YES;
				GCC_C_LANGUAGE_STANDARD = gnu99;
				GCC_NO_COMMON_BLOCKS = YES;
				GCC_WARN_64_TO_32_BIT_CONVERSION = YES;
				GCC_WARN_ABOUT_RETURN_TYPE = YES_ERROR;
				GCC_WARN_UNDECLARED_SELECTOR = YES;
				GCC_WARN_UNINITIALIZED_AUTOS = YES_AGGRESSIVE;
				GCC_WARN_UNUSED_FUNCTION = YES;
				GCC_WARN_UNUSED_VARIABLE = YES;
				IPHONEOS_DEPLOYMENT_TARGET = 8.4;
				MTL_ENABLE_DEBUG_INFO = NO;
				SDKROOT = iphoneos;
				TARGETED_DEVICE_FAMILY = "1,2";
				VALIDATE_PRODUCT = YES;
			};
			name = Release;
		};
		8B0948E21B4AD51600C611F5 /* Debug */ = {
			isa = XCBuildConfiguration;
			baseConfigurationReference = 19CB8DD916184B08317DEFB9 /* Pods.debug.xcconfig */;
			buildSettings = {
				ASSETCATALOG_COMPILER_APPICON_NAME = AppIcon;
				FRAMEWORK_SEARCH_PATHS = (
					"$(inherited)",
					/Users/andieperrault/Documents/coursDL/FacebookSDK_3.7.1,
				);
				INFOPLIST_FILE = KrocFrigo/Info.plist;
				LD_RUNPATH_SEARCH_PATHS = "$(inherited) @executable_path/Frameworks";
				LIBRARY_SEARCH_PATHS = "";
				PRODUCT_NAME = "$(TARGET_NAME)";
			};
			name = Debug;
		};
		8B0948E31B4AD51600C611F5 /* Release */ = {
			isa = XCBuildConfiguration;
			baseConfigurationReference = AFC0CB84BFA8D724AEDE47E3 /* Pods.release.xcconfig */;
			buildSettings = {
				ASSETCATALOG_COMPILER_APPICON_NAME = AppIcon;
				FRAMEWORK_SEARCH_PATHS = (
					"$(inherited)",
					/Users/andieperrault/Documents/coursDL/FacebookSDK_3.7.1,
				);
				INFOPLIST_FILE = KrocFrigo/Info.plist;
				LD_RUNPATH_SEARCH_PATHS = "$(inherited) @executable_path/Frameworks";
				LIBRARY_SEARCH_PATHS = "";
				PRODUCT_NAME = "$(TARGET_NAME)";
			};
			name = Release;
		};
		8B0948E51B4AD51600C611F5 /* Debug */ = {
			isa = XCBuildConfiguration;
			buildSettings = {
				BUNDLE_LOADER = "$(TEST_HOST)";
				FRAMEWORK_SEARCH_PATHS = (
					"$(SDKROOT)/Developer/Library/Frameworks",
					"$(inherited)",
				);
				GCC_PREPROCESSOR_DEFINITIONS = (
					"DEBUG=1",
					"$(inherited)",
				);
				INFOPLIST_FILE = KrocFrigoTests/Info.plist;
				LD_RUNPATH_SEARCH_PATHS = "$(inherited) @executable_path/Frameworks @loader_path/Frameworks";
				PRODUCT_NAME = "$(TARGET_NAME)";
				TEST_HOST = "$(BUILT_PRODUCTS_DIR)/KrocFrigo.app/KrocFrigo";
			};
			name = Debug;
		};
		8B0948E61B4AD51600C611F5 /* Release */ = {
			isa = XCBuildConfiguration;
			buildSettings = {
				BUNDLE_LOADER = "$(TEST_HOST)";
				FRAMEWORK_SEARCH_PATHS = (
					"$(SDKROOT)/Developer/Library/Frameworks",
					"$(inherited)",
				);
				INFOPLIST_FILE = KrocFrigoTests/Info.plist;
				LD_RUNPATH_SEARCH_PATHS = "$(inherited) @executable_path/Frameworks @loader_path/Frameworks";
				PRODUCT_NAME = "$(TARGET_NAME)";
				TEST_HOST = "$(BUILT_PRODUCTS_DIR)/KrocFrigo.app/KrocFrigo";
			};
			name = Release;
		};
/* End XCBuildConfiguration section */

/* Begin XCConfigurationList section */
		8B0948B61B4AD51500C611F5 /* Build configuration list for PBXProject "KrocFrigo" */ = {
			isa = XCConfigurationList;
			buildConfigurations = (
				8B0948DF1B4AD51600C611F5 /* Debug */,
				8B0948E01B4AD51600C611F5 /* Release */,
			);
			defaultConfigurationIsVisible = 0;
			defaultConfigurationName = Release;
		};
		8B0948E11B4AD51600C611F5 /* Build configuration list for PBXNativeTarget "KrocFrigo" */ = {
			isa = XCConfigurationList;
			buildConfigurations = (
				8B0948E21B4AD51600C611F5 /* Debug */,
				8B0948E31B4AD51600C611F5 /* Release */,
			);
			defaultConfigurationIsVisible = 0;
			defaultConfigurationName = Release;
		};
		8B0948E41B4AD51600C611F5 /* Build configuration list for PBXNativeTarget "KrocFrigoTests" */ = {
			isa = XCConfigurationList;
			buildConfigurations = (
				8B0948E51B4AD51600C611F5 /* Debug */,
				8B0948E61B4AD51600C611F5 /* Release */,
			);
			defaultConfigurationIsVisible = 0;
			defaultConfigurationName = Release;
		};
/* End XCConfigurationList section */

/* Begin XCVersionGroup section */
		8B0948C51B4AD51600C611F5 /* KrocFrigo.xcdatamodeld */ = {
			isa = XCVersionGroup;
			children = (
				8B0948C61B4AD51600C611F5 /* KrocFrigo.xcdatamodel */,
			);
			currentVersion = 8B0948C61B4AD51600C611F5 /* KrocFrigo.xcdatamodel */;
			path = KrocFrigo.xcdatamodeld;
			sourceTree = "<group>";
			versionGroupType = wrapper.xcdatamodel;
		};
/* End XCVersionGroup section */
	};
	rootObject = 8B0948B31B4AD51500C611F5 /* Project object */;
}
